
Microsoft Visual Studio Solution File, Format Version 12.00
# Visual Studio Version 17
VisualStudioVersion = 17.8.34309.116
MinimumVisualStudioVersion = 10.0.40219.1
Project("{2150E333-8FDC-42A3-9474-1A3956D46DE8}") = "MoonLight", "MoonLight", "{781B889A-D297-4A0A-B5DA-4497A9C91E8C}"
	ProjectSection(SolutionItems) = preProject
		.gitignore = .gitignore
	EndProjectSection
EndProject
Project("{2150E333-8FDC-42A3-9474-1A3956D46DE8}") = "src", "src", "{8CD40571-A0F5-43F2-B7D1-AED00F00F84E}"
EndProject
Project("{9A19103F-16F7-4668-BE54-9A1E7A4F7556}") = "MoonLight.Domain", "Aurora.Domain\MoonLight.Domain.csproj", "{6C4C4FE2-3731-46FF-AEAC-D2D3D95282B7}"
EndProject
Project("{9A19103F-16F7-4668-BE54-9A1E7A4F7556}") = "MoonLight.Services.API", "Aurora.API\MoonLight.Services.API.csproj", "{8B09E312-4D2B-4CA4-964E-ACF6832656D1}"
EndProject
Project("{9A19103F-16F7-4668-BE54-9A1E7A4F7556}") = "MoonLight.Application", "Aurora.Application\MoonLight.Application.csproj", "{39A9CFA7-DC51-484A-8D9C-43E900A9325D}"
EndProject
Project("{9A19103F-16F7-4668-BE54-9A1E7A4F7556}") = "MoonLight.Infra.CrossCutting.IoC", "Aurora.IoC\MoonLight.Infra.CrossCutting.IoC.csproj", "{3D52FF06-BCF7-420B-9AED-D30DA9077EE9}"
EndProject
Project("{9A19103F-16F7-4668-BE54-9A1E7A4F7556}") = "MoonLight.Infra.SqlServerData", "Aurora.Repository\MoonLight.Infra.SqlServerData.csproj", "{3A336B87-77F1-46EA-B0AC-CF9AB4B86122}"
EndProject
Project("{2150E333-8FDC-42A3-9474-1A3956D46DE8}") = "1 - Presentation", "1 - Presentation", "{C7F2A0AB-3141-4127-BDF1-9049BF617EB7}"
EndProject
Project("{2150E333-8FDC-42A3-9474-1A3956D46DE8}") = "2 - Services", "2 - Services", "{BC69DBF0-7313-4B2E-A56A-99FFAD75F3B5}"
EndProject
Project("{2150E333-8FDC-42A3-9474-1A3956D46DE8}") = "3 - Application", "3 - Application", "{7CDE3766-E6AE-4741-B9BE-3D3CDFC577AC}"
EndProject
Project("{2150E333-8FDC-42A3-9474-1A3956D46DE8}") = "4 - Domain", "4 - Domain", "{4F55F937-7FF5-4CD6-B88E-AC1397FA62F1}"
EndProject
Project("{2150E333-8FDC-42A3-9474-1A3956D46DE8}") = "5 - Infra", "5 - Infra", "{89100993-B104-4199-84CE-A13D8498771B}"
EndProject
Project("{9A19103F-16F7-4668-BE54-9A1E7A4F7556}") = "MoonLight.Web", "Aurora.Web\MoonLight.Web.csproj", "{0142F818-1E4B-4F95-9302-AC341D3D496A}"
EndProject
Global
	GlobalSection(SolutionConfigurationPlatforms) = preSolution
		Debug|Any CPU = Debug|Any CPU
		Release|Any CPU = Release|Any CPU
	EndGlobalSection
	GlobalSection(ProjectConfigurationPlatforms) = postSolution
		{6C4C4FE2-3731-46FF-AEAC-D2D3D95282B7}.Debug|Any CPU.ActiveCfg = Debug|Any CPU
		{6C4C4FE2-3731-46FF-AEAC-D2D3D95282B7}.Debug|Any CPU.Build.0 = Debug|Any CPU
		{6C4C4FE2-3731-46FF-AEAC-D2D3D95282B7}.Release|Any CPU.ActiveCfg = Release|Any CPU
		{6C4C4FE2-3731-46FF-AEAC-D2D3D95282B7}.Release|Any CPU.Build.0 = Release|Any CPU
		{8B09E312-4D2B-4CA4-964E-ACF6832656D1}.Debug|Any CPU.ActiveCfg = Debug|Any CPU
		{8B09E312-4D2B-4CA4-964E-ACF6832656D1}.Debug|Any CPU.Build.0 = Debug|Any CPU
		{8B09E312-4D2B-4CA4-964E-ACF6832656D1}.Release|Any CPU.ActiveCfg = Release|Any CPU
		{8B09E312-4D2B-4CA4-964E-ACF6832656D1}.Release|Any CPU.Build.0 = Release|Any CPU
		{39A9CFA7-DC51-484A-8D9C-43E900A9325D}.Debug|Any CPU.ActiveCfg = Debug|Any CPU
		{39A9CFA7-DC51-484A-8D9C-43E900A9325D}.Debug|Any CPU.Build.0 = Debug|Any CPU
		{39A9CFA7-DC51-484A-8D9C-43E900A9325D}.Release|Any CPU.ActiveCfg = Release|Any CPU
		{39A9CFA7-DC51-484A-8D9C-43E900A9325D}.Release|Any CPU.Build.0 = Release|Any CPU
		{3D52FF06-BCF7-420B-9AED-D30DA9077EE9}.Debug|Any CPU.ActiveCfg = Debug|Any CPU
		{3D52FF06-BCF7-420B-9AED-D30DA9077EE9}.Debug|Any CPU.Build.0 = Debug|Any CPU
		{3D52FF06-BCF7-420B-9AED-D30DA9077EE9}.Release|Any CPU.ActiveCfg = Release|Any CPU
		{3D52FF06-BCF7-420B-9AED-D30DA9077EE9}.Release|Any CPU.Build.0 = Release|Any CPU
		{3A336B87-77F1-46EA-B0AC-CF9AB4B86122}.Debug|Any CPU.ActiveCfg = Debug|Any CPU
		{3A336B87-77F1-46EA-B0AC-CF9AB4B86122}.Debug|Any CPU.Build.0 = Debug|Any CPU
		{3A336B87-77F1-46EA-B0AC-CF9AB4B86122}.Release|Any CPU.ActiveCfg = Release|Any CPU
		{3A336B87-77F1-46EA-B0AC-CF9AB4B86122}.Release|Any CPU.Build.0 = Release|Any CPU
		{0142F818-1E4B-4F95-9302-AC341D3D496A}.Debug|Any CPU.ActiveCfg = Debug|Any CPU
		{0142F818-1E4B-4F95-9302-AC341D3D496A}.Debug|Any CPU.Build.0 = Debug|Any CPU
		{0142F818-1E4B-4F95-9302-AC341D3D496A}.Release|Any CPU.ActiveCfg = Release|Any CPU
		{0142F818-1E4B-4F95-9302-AC341D3D496A}.Release|Any CPU.Build.0 = Release|Any CPU
	EndGlobalSection
	GlobalSection(SolutionProperties) = preSolution
		HideSolutionNode = FALSE
	EndGlobalSection
	GlobalSection(NestedProjects) = preSolution
		{8CD40571-A0F5-43F2-B7D1-AED00F00F84E} = {781B889A-D297-4A0A-B5DA-4497A9C91E8C}
		{6C4C4FE2-3731-46FF-AEAC-D2D3D95282B7} = {4F55F937-7FF5-4CD6-B88E-AC1397FA62F1}
		{8B09E312-4D2B-4CA4-964E-ACF6832656D1} = {BC69DBF0-7313-4B2E-A56A-99FFAD75F3B5}
		{39A9CFA7-DC51-484A-8D9C-43E900A9325D} = {7CDE3766-E6AE-4741-B9BE-3D3CDFC577AC}
		{3D52FF06-BCF7-420B-9AED-D30DA9077EE9} = {89100993-B104-4199-84CE-A13D8498771B}
		{3A336B87-77F1-46EA-B0AC-CF9AB4B86122} = {89100993-B104-4199-84CE-A13D8498771B}
		{C7F2A0AB-3141-4127-BDF1-9049BF617EB7} = {8CD40571-A0F5-43F2-B7D1-AED00F00F84E}
		{BC69DBF0-7313-4B2E-A56A-99FFAD75F3B5} = {8CD40571-A0F5-43F2-B7D1-AED00F00F84E}
		{7CDE3766-E6AE-4741-B9BE-3D3CDFC577AC} = {8CD40571-A0F5-43F2-B7D1-AED00F00F84E}
		{4F55F937-7FF5-4CD6-B88E-AC1397FA62F1} = {8CD40571-A0F5-43F2-B7D1-AED00F00F84E}
		{89100993-B104-4199-84CE-A13D8498771B} = {8CD40571-A0F5-43F2-B7D1-AED00F00F84E}
		{0142F818-1E4B-4F95-9302-AC341D3D496A} = {C7F2A0AB-3141-4127-BDF1-9049BF617EB7}
	EndGlobalSection
	GlobalSection(ExtensibilityGlobals) = postSolution
		SolutionGuid = {A09B5420-BAE3-4CD8-89AA-63962740F6CC}
	EndGlobalSection
EndGlobal
